
Microsoft Visual Studio Solution File, Format Version 12.00
# Visual Studio Version 17
VisualStudioVersion = 17.11.35312.102
MinimumVisualStudioVersion = 10.0.40219.1
Project("{FAE04EC0-301F-11D3-BF4B-00C04F79EFBC}") = "GUI", "GUI\GUI.csproj", "{202B28E4-9CED-4D88-B6AF-AAF5CDC43212}"
EndProject
Project("{FAE04EC0-301F-11D3-BF4B-00C04F79EFBC}") = "BLL", "BLL\BLL.csproj", "{FF847BA1-7CA6-4D2C-9C44-7C1B89AE7576}"
EndProject
Project("{FAE04EC0-301F-11D3-BF4B-00C04F79EFBC}") = "DAL", "DAL\DAL.csproj", "{0F1FCF63-662A-4682-960B-F2C8C507374C}"
EndProject
Project("{FAE04EC0-301F-11D3-BF4B-00C04F79EFBC}") = "DTO", "DTO\DTO.csproj", "{BAF4DC58-0C45-4E2B-A2E4-C9F3FC094C38}"
EndProject
Project("{FAE04EC0-301F-11D3-BF4B-00C04F79EFBC}") = "component", "component\component.csproj", "{6FA61458-FAF6-4206-8B94-C0B483F85677}"
EndProject
Global
	GlobalSection(SolutionConfigurationPlatforms) = preSolution
		Debug|Any CPU = Debug|Any CPU
		Release|Any CPU = Release|Any CPU
	EndGlobalSection
	GlobalSection(ProjectConfigurationPlatforms) = postSolution
		{202B28E4-9CED-4D88-B6AF-AAF5CDC43212}.Debug|Any CPU.ActiveCfg = Debug|Any CPU
		{202B28E4-9CED-4D88-B6AF-AAF5CDC43212}.Debug|Any CPU.Build.0 = Debug|Any CPU
		{202B28E4-9CED-4D88-B6AF-AAF5CDC43212}.Release|Any CPU.ActiveCfg = Release|Any CPU
		{202B28E4-9CED-4D88-B6AF-AAF5CDC43212}.Release|Any CPU.Build.0 = Release|Any CPU
		{FF847BA1-7CA6-4D2C-9C44-7C1B89AE7576}.Debug|Any CPU.ActiveCfg = Debug|Any CPU
		{FF847BA1-7CA6-4D2C-9C44-7C1B89AE7576}.Debug|Any CPU.Build.0 = Debug|Any CPU
		{FF847BA1-7CA6-4D2C-9C44-7C1B89AE7576}.Release|Any CPU.ActiveCfg = Release|Any CPU
		{FF847BA1-7CA6-4D2C-9C44-7C1B89AE7576}.Release|Any CPU.Build.0 = Release|Any CPU
		{0F1FCF63-662A-4682-960B-F2C8C507374C}.Debug|Any CPU.ActiveCfg = Debug|Any CPU
		{0F1FCF63-662A-4682-960B-F2C8C507374C}.Debug|Any CPU.Build.0 = Debug|Any CPU
		{0F1FCF63-662A-4682-960B-F2C8C507374C}.Release|Any CPU.ActiveCfg = Release|Any CPU
		{0F1FCF63-662A-4682-960B-F2C8C507374C}.Release|Any CPU.Build.0 = Release|Any CPU
		{BAF4DC58-0C45-4E2B-A2E4-C9F3FC094C38}.Debug|Any CPU.ActiveCfg = Debug|Any CPU
		{BAF4DC58-0C45-4E2B-A2E4-C9F3FC094C38}.Debug|Any CPU.Build.0 = Debug|Any CPU
		{BAF4DC58-0C45-4E2B-A2E4-C9F3FC094C38}.Release|Any CPU.ActiveCfg = Release|Any CPU
		{BAF4DC58-0C45-4E2B-A2E4-C9F3FC094C38}.Release|Any CPU.Build.0 = Release|Any CPU
		{6FA61458-FAF6-4206-8B94-C0B483F85677}.Debug|Any CPU.ActiveCfg = Debug|Any CPU
		{6FA61458-FAF6-4206-8B94-C0B483F85677}.Debug|Any CPU.Build.0 = Debug|Any CPU
		{6FA61458-FAF6-4206-8B94-C0B483F85677}.Release|Any CPU.ActiveCfg = Release|Any CPU
		{6FA61458-FAF6-4206-8B94-C0B483F85677}.Release|Any CPU.Build.0 = Release|Any CPU
	EndGlobalSection
	GlobalSection(SolutionProperties) = preSolution
		HideSolutionNode = FALSE
	EndGlobalSection
	GlobalSection(ExtensibilityGlobals) = postSolution
		SolutionGuid = {2391D44A-3A31-4B0C-8BA4-C1FDB2E8717C}
	EndGlobalSection
EndGlobal
